
Microsoft Visual Studio Solution File, Format Version 11.00
# Visual Studio 2010
Project("{FAE04EC0-301F-11D3-BF4B-00C04F79EFBC}") = "Assembly-CSharp", "Assembly-CSharp.csproj", "{95778E2D-E8DD-D163-B2D0-13915C24FC65}"
EndProject
Project("{FAE04EC0-301F-11D3-BF4B-00C04F79EFBC}") = "VuforiaScripts", "VuforiaScripts.csproj", "{B99535BD-57AF-7B3A-704F-CDC8E6BBF0E1}"
EndProject
Project("{FAE04EC0-301F-11D3-BF4B-00C04F79EFBC}") = "Assembly-CSharp-firstpass", "Assembly-CSharp-firstpass.csproj", "{6D652480-78CB-E4D6-86A6-CB8D255EC1BD}"
EndProject
Project("{FAE04EC0-301F-11D3-BF4B-00C04F79EFBC}") = "Assembly-CSharp-Editor-firstpass", "Assembly-CSharp-Editor-firstpass.csproj", "{160F7A03-931D-0CCD-0FF6-8882516DCDED}"
EndProject
Project("{FAE04EC0-301F-11D3-BF4B-00C04F79EFBC}") = "VuforiaEditorScripts", "VuforiaEditorScripts.csproj", "{8683E431-DC26-4161-7BC6-2E7E8519E896}"
EndProject
Global
	GlobalSection(SolutionConfigurationPlatforms) = preSolution
		Debug|Any CPU = Debug|Any CPU
		Release|Any CPU = Release|Any CPU
	EndGlobalSection
	GlobalSection(ProjectConfigurationPlatforms) = postSolution
		{95778E2D-E8DD-D163-B2D0-13915C24FC65}.Debug|Any CPU.ActiveCfg = Debug|Any CPU
		{95778E2D-E8DD-D163-B2D0-13915C24FC65}.Debug|Any CPU.Build.0 = Debug|Any CPU
		{95778E2D-E8DD-D163-B2D0-13915C24FC65}.Release|Any CPU.ActiveCfg = Release|Any CPU
		{95778E2D-E8DD-D163-B2D0-13915C24FC65}.Release|Any CPU.Build.0 = Release|Any CPU
		{B99535BD-57AF-7B3A-704F-CDC8E6BBF0E1}.Debug|Any CPU.ActiveCfg = Debug|Any CPU
		{B99535BD-57AF-7B3A-704F-CDC8E6BBF0E1}.Debug|Any CPU.Build.0 = Debug|Any CPU
		{B99535BD-57AF-7B3A-704F-CDC8E6BBF0E1}.Release|Any CPU.ActiveCfg = Release|Any CPU
		{B99535BD-57AF-7B3A-704F-CDC8E6BBF0E1}.Release|Any CPU.Build.0 = Release|Any CPU
		{6D652480-78CB-E4D6-86A6-CB8D255EC1BD}.Debug|Any CPU.ActiveCfg = Debug|Any CPU
		{6D652480-78CB-E4D6-86A6-CB8D255EC1BD}.Debug|Any CPU.Build.0 = Debug|Any CPU
		{6D652480-78CB-E4D6-86A6-CB8D255EC1BD}.Release|Any CPU.ActiveCfg = Release|Any CPU
		{6D652480-78CB-E4D6-86A6-CB8D255EC1BD}.Release|Any CPU.Build.0 = Release|Any CPU
		{160F7A03-931D-0CCD-0FF6-8882516DCDED}.Debug|Any CPU.ActiveCfg = Debug|Any CPU
		{160F7A03-931D-0CCD-0FF6-8882516DCDED}.Debug|Any CPU.Build.0 = Debug|Any CPU
		{160F7A03-931D-0CCD-0FF6-8882516DCDED}.Release|Any CPU.ActiveCfg = Release|Any CPU
		{160F7A03-931D-0CCD-0FF6-8882516DCDED}.Release|Any CPU.Build.0 = Release|Any CPU
		{8683E431-DC26-4161-7BC6-2E7E8519E896}.Debug|Any CPU.ActiveCfg = Debug|Any CPU
		{8683E431-DC26-4161-7BC6-2E7E8519E896}.Debug|Any CPU.Build.0 = Debug|Any CPU
		{8683E431-DC26-4161-7BC6-2E7E8519E896}.Release|Any CPU.ActiveCfg = Release|Any CPU
		{8683E431-DC26-4161-7BC6-2E7E8519E896}.Release|Any CPU.Build.0 = Release|Any CPU
	EndGlobalSection
	GlobalSection(SolutionProperties) = preSolution
		HideSolutionNode = FALSE
	EndGlobalSection
EndGlobal
